
Microsoft Visual Studio Solution File, Format Version 12.00
# Visual Studio Version 17
VisualStudioVersion = 17.8.34511.84
MinimumVisualStudioVersion = 10.0.40219.1
Project("{FAE04EC0-301F-11D3-BF4B-00C04F79EFBC}") = "OOP-Polymorphism2", "OOP-Polymorphism2\OOP-Polymorphism2.csproj", "{2A549A47-988C-4923-96D2-3AAC32670AED}"
EndProject
Global
	GlobalSection(SolutionConfigurationPlatforms) = preSolution
		Debug|Any CPU = Debug|Any CPU
		Release|Any CPU = Release|Any CPU
	EndGlobalSection
	GlobalSection(ProjectConfigurationPlatforms) = postSolution
		{2A549A47-988C-4923-96D2-3AAC32670AED}.Debug|Any CPU.ActiveCfg = Debug|Any CPU
		{2A549A47-988C-4923-96D2-3AAC32670AED}.Debug|Any CPU.Build.0 = Debug|Any CPU
		{2A549A47-988C-4923-96D2-3AAC32670AED}.Release|Any CPU.ActiveCfg = Release|Any CPU
		{2A549A47-988C-4923-96D2-3AAC32670AED}.Release|Any CPU.Build.0 = Release|Any CPU
	EndGlobalSection
	GlobalSection(SolutionProperties) = preSolution
		HideSolutionNode = FALSE
	EndGlobalSection
	GlobalSection(ExtensibilityGlobals) = postSolution
		SolutionGuid = {B1D79E93-C998-460E-8A15-78A5FD2E9FA2}
	EndGlobalSection
EndGlobal
